
Microsoft Visual Studio Solution File, Format Version 12.00
# Visual Studio 15
VisualStudioVersion = 15.0.28307.1000
MinimumVisualStudioVersion = 10.0.40219.1
Project("{159641D6-6404-4A2A-AE62-294DE0FE8301}") = "OLTP_to_OLAP", "OLTP_to_OLAP\OLTP_to_OLAP.dtproj", "{561FD1DE-E942-4982-934F-3FBA133D3F0B}"
EndProject
Global
	GlobalSection(SolutionConfigurationPlatforms) = preSolution
		Development|Default = Development|Default
	EndGlobalSection
	GlobalSection(ProjectConfigurationPlatforms) = postSolution
		{561FD1DE-E942-4982-934F-3FBA133D3F0B}.Development|Default.ActiveCfg = Development
		{561FD1DE-E942-4982-934F-3FBA133D3F0B}.Development|Default.Build.0 = Development
	EndGlobalSection
	GlobalSection(SolutionProperties) = preSolution
		HideSolutionNode = FALSE
	EndGlobalSection
	GlobalSection(ExtensibilityGlobals) = postSolution
		SolutionGuid = {D1ED172C-5CA5-4216-9479-4B6B09B8BE2B}
	EndGlobalSection
EndGlobal
